{
  "version": 4,
  "terraform_version": "1.6.6",
  "serial": 201,
  "lineage": "53bd9aa9-892d-7a1a-ed94-f9565dc1ad4a",
  "outputs": {},
  "resources": [
    {
      "mode": "data",
      "type": "aws_db_proxy",
      "name": "wp-db-endpoint",
      "provider": "provider[\"registry.terraform.io/hashicorp/aws\"]",
      "instances": [
        {
          "schema_version": 0,
          "attributes": {
            "arn": "arn:aws:rds:us-east-2:381491823453:db-proxy:prx-0eea10ecab68e5528",
            "auth": [
              {
                "auth_scheme": "SECRETS",
                "client_password_auth_type": "MYSQL_NATIVE_PASSWORD",
                "description": "use DB password from secrets manager",
                "iam_auth": "DISABLED",
                "secret_arn": "arn:aws:secretsmanager:us-east-2:381491823453:secret:rds!db-9526b288-541b-4fed-9549-e11d1d2232c1-Yd68S1",
                "username": ""
              }
            ],
            "debug_logging": false,
            "endpoint": "wp-db-proxy-prod.proxy-cxcw40wea3zv.us-east-2.rds.amazonaws.com",
            "engine_family": "MYSQL",
            "id": "wp-db-proxy-prod",
            "idle_client_timeout": 1800,
            "name": "wp-db-proxy-prod",
            "require_tls": true,
            "role_arn": "arn:aws:iam::381491823453:role/wp-db-access-role",
            "vpc_id": "vpc-0c91f44fef5d4f3ee",
            "vpc_security_group_ids": [
              "sg-00bc56114a3b77076"
            ],
            "vpc_subnet_ids": [
              "subnet-07ab57a34970b64b2",
              "subnet-0ccef4cc5c0311c52"
            ]
          },
          "sensitive_attributes": []
        }
      ]
    },
    {
      "mode": "data",
      "type": "aws_secretsmanager_secret_version",
      "name": "rds_password",
      "provider": "provider[\"registry.terraform.io/hashicorp/aws\"]",
      "instances": [
        {
          "schema_version": 0,
          "attributes": {
            "arn": "arn:aws:secretsmanager:us-east-2:381491823453:secret:rds!db-9526b288-541b-4fed-9549-e11d1d2232c1-Yd68S1",
            "created_date": "2024-03-11T16:49:27Z",
            "id": "arn:aws:secretsmanager:us-east-2:381491823453:secret:rds!db-9526b288-541b-4fed-9549-e11d1d2232c1-Yd68S1|AWSCURRENT",
            "secret_binary": "",
            "secret_id": "arn:aws:secretsmanager:us-east-2:381491823453:secret:rds!db-9526b288-541b-4fed-9549-e11d1d2232c1-Yd68S1",
            "secret_string": "{\"username\":\"wordpress\",\"password\":\"vA4Xiy\u003eJ.3D*#Wau57zs(JxGGp$9\"}",
            "version_id": "74964228-47b8-4a89-93a0-9a45918e12fe",
            "version_stage": "AWSCURRENT",
            "version_stages": [
              "AWSCURRENT"
            ]
          },
          "sensitive_attributes": []
        }
      ]
    },
    {
      "mode": "data",
      "type": "aws_security_groups",
      "name": "wp-net-external-sgs",
      "provider": "provider[\"registry.terraform.io/hashicorp/aws\"]",
      "instances": [
        {
          "schema_version": 0,
          "attributes": {
            "arns": [],
            "filter": [
              {
                "name": "tag:Purpose",
                "values": [
                  "allow-https-external"
                ]
              },
              {
                "name": "vpc-id",
                "values": [
                  "vpc-0c91f44fef5d4f3ee"
                ]
              }
            ],
            "id": "us-east-2",
            "ids": [],
            "tags": null,
            "timeouts": null,
            "vpc_ids": []
          },
          "sensitive_attributes": []
        }
      ]
    },
    {
      "mode": "data",
      "type": "aws_security_groups",
      "name": "wp-net-internal-sgs",
      "provider": "provider[\"registry.terraform.io/hashicorp/aws\"]",
      "instances": [
        {
          "schema_version": 0,
          "attributes": {
            "arns": [],
            "filter": [
              {
                "name": "tag:Purpose",
                "values": [
                  "allow-http-external"
                ]
              },
              {
                "name": "vpc-id",
                "values": [
                  "vpc-0c91f44fef5d4f3ee"
                ]
              }
            ],
            "id": "us-east-2",
            "ids": [],
            "tags": null,
            "timeouts": null,
            "vpc_ids": []
          },
          "sensitive_attributes": []
        }
      ]
    },
    {
      "mode": "data",
      "type": "aws_subnets",
      "name": "wp-app-subnets",
      "provider": "provider[\"registry.terraform.io/hashicorp/aws\"]",
      "instances": [
        {
          "schema_version": 0,
          "attributes": {
            "filter": [
              {
                "name": "tag:Purpose",
                "values": [
                  "wp-app-subnet"
                ]
              }
            ],
            "id": "us-east-2",
            "ids": [
              "subnet-02c6f3c1f0c355bc3",
              "subnet-007e285a7d795bc58"
            ],
            "tags": null,
            "timeouts": null
          },
          "sensitive_attributes": []
        }
      ]
    },
    {
      "mode": "data",
      "type": "aws_subnets",
      "name": "wp-external-subnets",
      "provider": "provider[\"registry.terraform.io/hashicorp/aws\"]",
      "instances": [
        {
          "schema_version": 0,
          "attributes": {
            "filter": [
              {
                "name": "tag:Purpose",
                "values": [
                  "wp-external"
                ]
              }
            ],
            "id": "us-east-2",
            "ids": [
              "subnet-007e8045bec7b6c56",
              "subnet-02bdc61f8b4e487c0"
            ],
            "tags": null,
            "timeouts": null
          },
          "sensitive_attributes": []
        }
      ]
    },
    {
      "mode": "managed",
      "type": "aws_appautoscaling_policy",
      "name": "wp-app-asg-rule-cpu",
      "provider": "provider[\"registry.terraform.io/hashicorp/aws\"]",
      "instances": [
        {
          "schema_version": 0,
          "attributes": {
            "alarm_arns": [
              "arn:aws:cloudwatch:us-east-2:381491823453:alarm:TargetTracking-service/wp-app/wp-app-AlarmHigh-fa4d8fb9-a0d1-47d3-afe3-acee6ec9df9e",
              "arn:aws:cloudwatch:us-east-2:381491823453:alarm:TargetTracking-service/wp-app/wp-app-AlarmLow-4eb6d168-e8f5-4e41-95ba-a40cd92588bf"
            ],
            "arn": "arn:aws:autoscaling:us-east-2:381491823453:scalingPolicy:c131b931-0daf-40a4-8e93-64edcfdb6e08:resource/ecs/service/wp-app/wp-app:policyName/wp-app-cpu",
            "id": "wp-app-cpu",
            "name": "wp-app-cpu",
            "policy_type": "TargetTrackingScaling",
            "resource_id": "service/wp-app/wp-app",
            "scalable_dimension": "ecs:service:DesiredCount",
            "service_namespace": "ecs",
            "step_scaling_policy_configuration": [],
            "target_tracking_scaling_policy_configuration": [
              {
                "customized_metric_specification": [],
                "disable_scale_in": false,
                "predefined_metric_specification": [
                  {
                    "predefined_metric_type": "ECSServiceAverageCPUUtilization",
                    "resource_label": ""
                  }
                ],
                "scale_in_cooldown": 0,
                "scale_out_cooldown": 0,
                "target_value": 80
              }
            ]
          },
          "sensitive_attributes": [],
          "private": "bnVsbA==",
          "dependencies": [
            "aws_appautoscaling_target.wp-app-asg",
            "aws_ecs_cluster.wp-app-cluster",
            "aws_ecs_service.wp-app-service",
            "aws_ecs_task_definition.wp-app-task",
            "aws_iam_role.wp-app-ecs-role",
            "aws_lb_target_group.wp-app-tg",
            "data.aws_db_proxy.wp-db-endpoint",
            "data.aws_secretsmanager_secret_version.rds_password"
          ]
        }
      ]
    },
    {
      "mode": "managed",
      "type": "aws_appautoscaling_policy",
      "name": "wp-app-asg-rule-mem",
      "provider": "provider[\"registry.terraform.io/hashicorp/aws\"]",
      "instances": [
        {
          "schema_version": 0,
          "attributes": {
            "alarm_arns": [
              "arn:aws:cloudwatch:us-east-2:381491823453:alarm:TargetTracking-service/wp-app/wp-app-AlarmHigh-87935bdf-d0b3-42d6-a53d-d3795956d1bd",
              "arn:aws:cloudwatch:us-east-2:381491823453:alarm:TargetTracking-service/wp-app/wp-app-AlarmLow-9b1b667c-c807-4e54-a5a1-951181778397"
            ],
            "arn": "arn:aws:autoscaling:us-east-2:381491823453:scalingPolicy:c131b931-0daf-40a4-8e93-64edcfdb6e08:resource/ecs/service/wp-app/wp-app:policyName/wp-app-mem",
            "id": "wp-app-mem",
            "name": "wp-app-mem",
            "policy_type": "TargetTrackingScaling",
            "resource_id": "service/wp-app/wp-app",
            "scalable_dimension": "ecs:service:DesiredCount",
            "service_namespace": "ecs",
            "step_scaling_policy_configuration": [],
            "target_tracking_scaling_policy_configuration": [
              {
                "customized_metric_specification": [],
                "disable_scale_in": false,
                "predefined_metric_specification": [
                  {
                    "predefined_metric_type": "ECSServiceAverageMemoryUtilization",
                    "resource_label": ""
                  }
                ],
                "scale_in_cooldown": 0,
                "scale_out_cooldown": 0,
                "target_value": 80
              }
            ]
          },
          "sensitive_attributes": [],
          "private": "bnVsbA==",
          "dependencies": [
            "aws_appautoscaling_target.wp-app-asg",
            "aws_ecs_cluster.wp-app-cluster",
            "aws_ecs_service.wp-app-service",
            "aws_ecs_task_definition.wp-app-task",
            "aws_iam_role.wp-app-ecs-role",
            "aws_lb_target_group.wp-app-tg",
            "data.aws_db_proxy.wp-db-endpoint",
            "data.aws_secretsmanager_secret_version.rds_password"
          ]
        }
      ]
    },
    {
      "mode": "managed",
      "type": "aws_appautoscaling_target",
      "name": "wp-app-asg",
      "provider": "provider[\"registry.terraform.io/hashicorp/aws\"]",
      "instances": [
        {
          "schema_version": 0,
          "attributes": {
            "arn": "arn:aws:application-autoscaling:us-east-2:381491823453:scalable-target/0ec5c131b9310daf40a48e9364edcfdb6e08",
            "id": "service/wp-app/wp-app",
            "max_capacity": 5,
            "min_capacity": 1,
            "resource_id": "service/wp-app/wp-app",
            "role_arn": "arn:aws:iam::381491823453:role/aws-service-role/ecs.application-autoscaling.amazonaws.com/AWSServiceRoleForApplicationAutoScaling_ECSService",
            "scalable_dimension": "ecs:service:DesiredCount",
            "service_namespace": "ecs",
            "tags": null,
            "tags_all": {}
          },
          "sensitive_attributes": [],
          "private": "bnVsbA==",
          "dependencies": [
            "aws_ecs_cluster.wp-app-cluster",
            "aws_ecs_service.wp-app-service",
            "aws_ecs_task_definition.wp-app-task",
            "aws_iam_role.wp-app-ecs-role",
            "aws_lb_target_group.wp-app-tg",
            "data.aws_db_proxy.wp-db-endpoint",
            "data.aws_secretsmanager_secret_version.rds_password"
          ]
        }
      ]
    },
    {
      "mode": "managed",
      "type": "aws_ecs_cluster",
      "name": "wp-app-cluster",
      "provider": "provider[\"registry.terraform.io/hashicorp/aws\"]",
      "instances": [
        {
          "schema_version": 0,
          "attributes": {
            "arn": "arn:aws:ecs:us-east-2:381491823453:cluster/wp-app",
            "configuration": [],
            "id": "arn:aws:ecs:us-east-2:381491823453:cluster/wp-app",
            "name": "wp-app",
            "service_connect_defaults": [],
            "setting": [
              {
                "name": "containerInsights",
                "value": "enabled"
              }
            ],
            "tags": null,
            "tags_all": {}
          },
          "sensitive_attributes": [],
          "private": "bnVsbA=="
        }
      ]
    },
    {
      "mode": "managed",
      "type": "aws_ecs_cluster_capacity_providers",
      "name": "wp-app-fargate",
      "provider": "provider[\"registry.terraform.io/hashicorp/aws\"]",
      "instances": [
        {
          "schema_version": 0,
          "attributes": {
            "capacity_providers": [
              "FARGATE"
            ],
            "cluster_name": "wp-app",
            "default_capacity_provider_strategy": [
              {
                "base": 0,
                "capacity_provider": "FARGATE",
                "weight": 0
              }
            ],
            "id": "wp-app"
          },
          "sensitive_attributes": [],
          "private": "bnVsbA==",
          "dependencies": [
            "aws_ecs_cluster.wp-app-cluster"
          ]
        }
      ]
    },
    {
      "mode": "managed",
      "type": "aws_ecs_service",
      "name": "wp-app-service",
      "provider": "provider[\"registry.terraform.io/hashicorp/aws\"]",
      "instances": [
        {
          "schema_version": 0,
          "attributes": {
            "alarms": [],
            "capacity_provider_strategy": [],
            "cluster": "arn:aws:ecs:us-east-2:381491823453:cluster/wp-app",
            "deployment_circuit_breaker": [
              {
                "enable": false,
                "rollback": false
              }
            ],
            "deployment_controller": [
              {
                "type": "ECS"
              }
            ],
            "deployment_maximum_percent": 200,
            "deployment_minimum_healthy_percent": 100,
            "desired_count": 3,
            "enable_ecs_managed_tags": false,
            "enable_execute_command": false,
            "force_new_deployment": null,
            "health_check_grace_period_seconds": 0,
            "iam_role": "/aws-service-role/ecs.amazonaws.com/AWSServiceRoleForECS",
            "id": "arn:aws:ecs:us-east-2:381491823453:service/wp-app/wp-app",
            "launch_type": "FARGATE",
            "load_balancer": [
              {
                "container_name": "wordpress",
                "container_port": 80,
                "elb_name": "",
                "target_group_arn": "arn:aws:elasticloadbalancing:us-east-2:381491823453:targetgroup/wp-app-tg/86fde8242a460f06"
              }
            ],
            "name": "wp-app",
            "network_configuration": [
              {
                "assign_public_ip": false,
                "security_groups": [
                  "sg-0691bb7a55856805d"
                ],
                "subnets": [
                  "subnet-007e285a7d795bc58",
                  "subnet-02c6f3c1f0c355bc3"
                ]
              }
            ],
            "ordered_placement_strategy": [],
            "placement_constraints": [],
            "platform_version": "LATEST",
            "propagate_tags": "NONE",
            "scheduling_strategy": "REPLICA",
            "service_connect_configuration": [],
            "service_registries": [],
            "tags": null,
            "tags_all": {},
            "task_definition": "arn:aws:ecs:us-east-2:381491823453:task-definition/wp-app:7",
            "timeouts": null,
            "triggers": {},
            "wait_for_steady_state": false
          },
          "sensitive_attributes": [],
          "private": "eyJlMmJmYjczMC1lY2FhLTExZTYtOGY4OC0zNDM2M2JjN2M0YzAiOnsiY3JlYXRlIjoxMjAwMDAwMDAwMDAwLCJkZWxldGUiOjEyMDAwMDAwMDAwMDAsInVwZGF0ZSI6MTIwMDAwMDAwMDAwMH19",
          "dependencies": [
            "aws_ecs_cluster.wp-app-cluster",
            "aws_ecs_task_definition.wp-app-task",
            "aws_iam_role.wp-app-ecs-role",
            "aws_lb_target_group.wp-app-tg",
            "data.aws_db_proxy.wp-db-endpoint",
            "data.aws_secretsmanager_secret_version.rds_password"
          ]
        }
      ]
    },
    {
      "mode": "managed",
      "type": "aws_ecs_task_definition",
      "name": "wp-app-task",
      "provider": "provider[\"registry.terraform.io/hashicorp/aws\"]",
      "instances": [
        {
          "schema_version": 1,
          "attributes": {
            "arn": "arn:aws:ecs:us-east-2:381491823453:task-definition/wp-app:7",
            "arn_without_revision": "arn:aws:ecs:us-east-2:381491823453:task-definition/wp-app",
            "container_definitions": "[{\"cpu\":0,\"environment\":[{\"name\":\"WORDPRESS_DB_HOST\",\"value\":\"wp-db-proxy-prod.proxy-cxcw40wea3zv.us-east-2.rds.amazonaws.com\"},{\"name\":\"WORDPRESS_DB_NAME\",\"value\":\"wordpress\"},{\"name\":\"WORDPRESS_DB_PASSWORD\",\"value\":\"{\\\"username\\\":\\\"wordpress\\\",\\\"password\\\":\\\"vA4Xiy\u003eJ.3D*#Wau57zs(JxGGp$9\\\"}\"},{\"name\":\"WORDPRESS_DB_USER\",\"value\":\"wordpress\"}],\"essential\":true,\"image\":\"wordpress:6.4.3-apache\",\"mountPoints\":[],\"name\":\"wordpress\",\"portMappings\":[{\"containerPort\":80,\"hostPort\":80,\"protocol\":\"tcp\"}],\"systemControls\":[],\"volumesFrom\":[]}]",
            "cpu": "512",
            "ephemeral_storage": [],
            "execution_role_arn": "",
            "family": "wp-app",
            "id": "wp-app",
            "inference_accelerator": [],
            "ipc_mode": "",
            "memory": "1024",
            "network_mode": "awsvpc",
            "pid_mode": "",
            "placement_constraints": [],
            "proxy_configuration": [],
            "requires_compatibilities": [
              "FARGATE"
            ],
            "revision": 7,
            "runtime_platform": [],
            "skip_destroy": false,
            "tags": null,
            "tags_all": {},
            "task_role_arn": "arn:aws:iam::381491823453:role/wp-app-ecs-role",
            "track_latest": false,
            "volume": []
          },
          "sensitive_attributes": [
            [
              {
                "type": "get_attr",
                "value": "container_definitions"
              }
            ]
          ],
          "private": "eyJzY2hlbWFfdmVyc2lvbiI6IjEifQ==",
          "dependencies": [
            "aws_iam_role.wp-app-ecs-role",
            "data.aws_db_proxy.wp-db-endpoint",
            "data.aws_secretsmanager_secret_version.rds_password"
          ]
        }
      ]
    },
    {
      "mode": "managed",
      "type": "aws_iam_policy",
      "name": "wp-app-ecs-policy",
      "provider": "provider[\"registry.terraform.io/hashicorp/aws\"]",
      "instances": [
        {
          "schema_version": 0,
          "attributes": {
            "arn": "arn:aws:iam::381491823453:policy/wp-app-ecs-policy",
            "description": "",
            "id": "arn:aws:iam::381491823453:policy/wp-app-ecs-policy",
            "name": "wp-app-ecs-policy",
            "name_prefix": "",
            "path": "/",
            "policy": "{\"Statement\":[{\"Action\":[\"secretsmanager:DescribeSecret\",\"secretsmanager:GetRandomPassword\",\"secretsmanager:GetResourcePolicy\",\"secretsmanager:GetSecretValue\",\"secretsmanager:ListSecretVersionIds\",\"secretsmanager:BatchGetSecretValue\",\"secretsmanager:ListSecrets\"],\"Effect\":\"Allow\",\"Resource\":\"*\",\"Sid\":\"Statement1\"},{\"Action\":[\"cloudwatch:*\"],\"Effect\":\"Allow\",\"Resource\":\"*\",\"Sid\":\"Statement2\"},{\"Action\":[\"application-autoscaling:*\",\"ecs:DescribeServices\",\"ecs:UpdateService\"],\"Effect\":\"Allow\",\"Resource\":\"*\",\"Sid\":\"Statement3\"}],\"Version\":\"2012-10-17\"}",
            "policy_id": "ANPAVRUVPINOYKGI4HTNA",
            "tags": null,
            "tags_all": {}
          },
          "sensitive_attributes": [],
          "private": "bnVsbA=="
        }
      ]
    },
    {
      "mode": "managed",
      "type": "aws_iam_role",
      "name": "wp-app-ecs-role",
      "provider": "provider[\"registry.terraform.io/hashicorp/aws\"]",
      "instances": [
        {
          "schema_version": 0,
          "attributes": {
            "arn": "arn:aws:iam::381491823453:role/wp-app-ecs-role",
            "assume_role_policy": "{\"Statement\":[{\"Action\":\"sts:AssumeRole\",\"Effect\":\"Allow\",\"Principal\":{\"Service\":\"ecs-tasks.amazonaws.com\"},\"Sid\":\"\"}],\"Version\":\"2012-10-17\"}",
            "create_date": "2024-03-11T18:35:34Z",
            "description": "",
            "force_detach_policies": false,
            "id": "wp-app-ecs-role",
            "inline_policy": [],
            "managed_policy_arns": [],
            "max_session_duration": 3600,
            "name": "wp-app-ecs-role",
            "name_prefix": "",
            "path": "/",
            "permissions_boundary": "",
            "tags": null,
            "tags_all": {},
            "unique_id": "AROAVRUVPINOR6QRTU3J7"
          },
          "sensitive_attributes": [],
          "private": "bnVsbA=="
        }
      ]
    },
    {
      "mode": "managed",
      "type": "aws_iam_role_policy_attachment",
      "name": "wp-app-ecs-attachment",
      "provider": "provider[\"registry.terraform.io/hashicorp/aws\"]",
      "instances": [
        {
          "schema_version": 0,
          "attributes": {
            "id": "wp-app-ecs-role-20240311183535389800000001",
            "policy_arn": "arn:aws:iam::381491823453:policy/wp-app-ecs-policy",
            "role": "wp-app-ecs-role"
          },
          "sensitive_attributes": [],
          "private": "bnVsbA==",
          "dependencies": [
            "aws_iam_policy.wp-app-ecs-policy",
            "aws_iam_role.wp-app-ecs-role"
          ]
        }
      ]
    },
    {
      "mode": "managed",
      "type": "aws_lb",
      "name": "wp-app-lb",
      "provider": "provider[\"registry.terraform.io/hashicorp/aws\"]",
      "instances": [
        {
          "schema_version": 0,
          "attributes": {
            "access_logs": [
              {
                "bucket": "",
                "enabled": false,
                "prefix": ""
              }
            ],
            "arn": "arn:aws:elasticloadbalancing:us-east-2:381491823453:loadbalancer/app/wp-app-lb/e78e1a675c549225",
            "arn_suffix": "app/wp-app-lb/e78e1a675c549225",
            "connection_logs": [
              {
                "bucket": "",
                "enabled": false,
                "prefix": ""
              }
            ],
            "customer_owned_ipv4_pool": "",
            "desync_mitigation_mode": "defensive",
            "dns_name": "wp-app-lb-2024695862.us-east-2.elb.amazonaws.com",
            "dns_record_client_routing_policy": null,
            "drop_invalid_header_fields": false,
            "enable_cross_zone_load_balancing": true,
            "enable_deletion_protection": false,
            "enable_http2": true,
            "enable_tls_version_and_cipher_suite_headers": false,
            "enable_waf_fail_open": false,
            "enable_xff_client_port": false,
            "enforce_security_group_inbound_rules_on_private_link_traffic": "",
            "id": "arn:aws:elasticloadbalancing:us-east-2:381491823453:loadbalancer/app/wp-app-lb/e78e1a675c549225",
            "idle_timeout": 60,
            "internal": false,
            "ip_address_type": "ipv4",
            "load_balancer_type": "application",
            "name": "wp-app-lb",
            "name_prefix": "",
            "preserve_host_header": false,
            "security_groups": [
              "sg-0691bb7a55856805d",
              "sg-0be420ff6d41865d6"
            ],
            "subnet_mapping": [
              {
                "allocation_id": "",
                "ipv6_address": "",
                "outpost_id": "",
                "private_ipv4_address": "",
                "subnet_id": "subnet-007e8045bec7b6c56"
              },
              {
                "allocation_id": "",
                "ipv6_address": "",
                "outpost_id": "",
                "private_ipv4_address": "",
                "subnet_id": "subnet-02bdc61f8b4e487c0"
              }
            ],
            "subnets": [
              "subnet-007e8045bec7b6c56",
              "subnet-02bdc61f8b4e487c0"
            ],
            "tags": {
              "Name": "wp-app-lb",
              "Purpose": "external-https"
            },
            "tags_all": {
              "Name": "wp-app-lb",
              "Purpose": "external-https"
            },
            "timeouts": null,
            "vpc_id": "vpc-0c91f44fef5d4f3ee",
            "xff_header_processing_mode": "append",
            "zone_id": "Z3AADJGX6KTTL2"
          },
          "sensitive_attributes": [],
          "private": "eyJlMmJmYjczMC1lY2FhLTExZTYtOGY4OC0zNDM2M2JjN2M0YzAiOnsiY3JlYXRlIjo2MDAwMDAwMDAwMDAsImRlbGV0ZSI6NjAwMDAwMDAwMDAwLCJ1cGRhdGUiOjYwMDAwMDAwMDAwMH19"
        }
      ]
    },
    {
      "mode": "managed",
      "type": "aws_lb_listener",
      "name": "wp-app-lb-listener",
      "provider": "provider[\"registry.terraform.io/hashicorp/aws\"]",
      "instances": [
        {
          "schema_version": 0,
          "attributes": {
            "alpn_policy": null,
            "arn": "arn:aws:elasticloadbalancing:us-east-2:381491823453:listener/app/wp-app-lb/e78e1a675c549225/34100d0782592390",
            "certificate_arn": null,
            "default_action": [
              {
                "authenticate_cognito": [],
                "authenticate_oidc": [],
                "fixed_response": [],
                "forward": [],
                "order": 1,
                "redirect": [],
                "target_group_arn": "arn:aws:elasticloadbalancing:us-east-2:381491823453:targetgroup/wp-app-tg/86fde8242a460f06",
                "type": "forward"
              }
            ],
            "id": "arn:aws:elasticloadbalancing:us-east-2:381491823453:listener/app/wp-app-lb/e78e1a675c549225/34100d0782592390",
            "load_balancer_arn": "arn:aws:elasticloadbalancing:us-east-2:381491823453:loadbalancer/app/wp-app-lb/e78e1a675c549225",
            "mutual_authentication": [],
            "port": 80,
            "protocol": "HTTP",
            "ssl_policy": "",
            "tags": null,
            "tags_all": {},
            "timeouts": null
          },
          "sensitive_attributes": [],
          "private": "eyJlMmJmYjczMC1lY2FhLTExZTYtOGY4OC0zNDM2M2JjN2M0YzAiOnsiY3JlYXRlIjozMDAwMDAwMDAwMDAsInVwZGF0ZSI6MzAwMDAwMDAwMDAwfX0=",
          "dependencies": [
            "aws_lb.wp-app-lb",
            "aws_lb_target_group.wp-app-tg"
          ]
        }
      ]
    },
    {
      "mode": "managed",
      "type": "aws_lb_target_group",
      "name": "wp-app-tg",
      "provider": "provider[\"registry.terraform.io/hashicorp/aws\"]",
      "instances": [
        {
          "schema_version": 0,
          "attributes": {
            "arn": "arn:aws:elasticloadbalancing:us-east-2:381491823453:targetgroup/wp-app-tg/86fde8242a460f06",
            "arn_suffix": "targetgroup/wp-app-tg/86fde8242a460f06",
            "connection_termination": null,
            "deregistration_delay": "300",
            "health_check": [
              {
                "enabled": true,
                "healthy_threshold": 3,
                "interval": 30,
                "matcher": "200",
                "path": "/",
                "port": "traffic-port",
                "protocol": "HTTP",
                "timeout": 5,
                "unhealthy_threshold": 3
              }
            ],
            "id": "arn:aws:elasticloadbalancing:us-east-2:381491823453:targetgroup/wp-app-tg/86fde8242a460f06",
            "ip_address_type": "ipv4",
            "lambda_multi_value_headers_enabled": false,
            "load_balancer_arns": [],
            "load_balancing_algorithm_type": "round_robin",
            "load_balancing_anomaly_mitigation": "off",
            "load_balancing_cross_zone_enabled": "use_load_balancer_configuration",
            "name": "wp-app-tg",
            "name_prefix": "",
            "port": 80,
            "preserve_client_ip": null,
            "protocol": "HTTP",
            "protocol_version": "HTTP1",
            "proxy_protocol_v2": false,
            "slow_start": 0,
            "stickiness": [
              {
                "cookie_duration": 86400,
                "cookie_name": "",
                "enabled": false,
                "type": "lb_cookie"
              }
            ],
            "tags": null,
            "tags_all": {},
            "target_failover": [
              {
                "on_deregistration": null,
                "on_unhealthy": null
              }
            ],
            "target_health_state": [
              {
                "enable_unhealthy_connection_termination": null
              }
            ],
            "target_type": "ip",
            "vpc_id": "vpc-0c91f44fef5d4f3ee"
          },
          "sensitive_attributes": [],
          "private": "bnVsbA=="
        }
      ]
    }
  ],
  "check_results": null
}
